
Microsoft Visual Studio Solution File, Format Version 12.00
# Visual Studio Version 16
VisualStudioVersion = 16.0.30406.217
MinimumVisualStudioVersion = 10.0.40219.1
Project("{FAE04EC0-301F-11D3-BF4B-00C04F79EFBC}") = "HexDrawer", "HexDrawer\HexDrawer.csproj", "{F7EF6D2B-8762-4A86-BF4B-1722C27C6F2A}"
EndProject
Project("{FAE04EC0-301F-11D3-BF4B-00C04F79EFBC}") = "TuckBoxDrawer", "TuckBoxDrawer\TuckBoxDrawer.csproj", "{1D7D6755-5B2D-42C7-8905-3DE1D7D426FC}"
EndProject
Project("{FAE04EC0-301F-11D3-BF4B-00C04F79EFBC}") = "DrawingUtils", "DrawingUtils\DrawingUtils.csproj", "{011ACD9E-1253-4BB0-AD21-38EC79B4F0D6}"
EndProject
Global
	GlobalSection(SolutionConfigurationPlatforms) = preSolution
		Debug|Any CPU = Debug|Any CPU
		Release|Any CPU = Release|Any CPU
	EndGlobalSection
	GlobalSection(ProjectConfigurationPlatforms) = postSolution
		{F7EF6D2B-8762-4A86-BF4B-1722C27C6F2A}.Debug|Any CPU.ActiveCfg = Debug|Any CPU
		{F7EF6D2B-8762-4A86-BF4B-1722C27C6F2A}.Debug|Any CPU.Build.0 = Debug|Any CPU
		{F7EF6D2B-8762-4A86-BF4B-1722C27C6F2A}.Release|Any CPU.ActiveCfg = Release|Any CPU
		{F7EF6D2B-8762-4A86-BF4B-1722C27C6F2A}.Release|Any CPU.Build.0 = Release|Any CPU
		{1D7D6755-5B2D-42C7-8905-3DE1D7D426FC}.Debug|Any CPU.ActiveCfg = Debug|Any CPU
		{1D7D6755-5B2D-42C7-8905-3DE1D7D426FC}.Debug|Any CPU.Build.0 = Debug|Any CPU
		{1D7D6755-5B2D-42C7-8905-3DE1D7D426FC}.Release|Any CPU.ActiveCfg = Release|Any CPU
		{1D7D6755-5B2D-42C7-8905-3DE1D7D426FC}.Release|Any CPU.Build.0 = Release|Any CPU
		{011ACD9E-1253-4BB0-AD21-38EC79B4F0D6}.Debug|Any CPU.ActiveCfg = Debug|Any CPU
		{011ACD9E-1253-4BB0-AD21-38EC79B4F0D6}.Debug|Any CPU.Build.0 = Debug|Any CPU
		{011ACD9E-1253-4BB0-AD21-38EC79B4F0D6}.Release|Any CPU.ActiveCfg = Release|Any CPU
		{011ACD9E-1253-4BB0-AD21-38EC79B4F0D6}.Release|Any CPU.Build.0 = Release|Any CPU
	EndGlobalSection
	GlobalSection(SolutionProperties) = preSolution
		HideSolutionNode = FALSE
	EndGlobalSection
	GlobalSection(ExtensibilityGlobals) = postSolution
		SolutionGuid = {3669CF51-2A68-4E57-915D-D7477884C3BE}
	EndGlobalSection
EndGlobal
